// !$*UTF8*$!
{
	archiveVersion = 1;
	classes = {
	};
	objectVersion = 46;
	objects = {

/* Begin PBXBuildFile section */
		7FD0C9E51C77049C008CBAEE /* main.m in Sources */ = {isa = PBXBuildFile; fileRef = 7FD0C9E41C77049C008CBAEE /* main.m */; };
		7FD0C9E81C77049C008CBAEE /* AppDelegate.m in Sources */ = {isa = PBXBuildFile; fileRef = 7FD0C9E71C77049C008CBAEE /* AppDelegate.m */; };
		7FD0C9EE1C77049C008CBAEE /* Main.storyboard in Resources */ = {isa = PBXBuildFile; fileRef = 7FD0C9EC1C77049C008CBAEE /* Main.storyboard */; };
		7FD0C9F01C77049C008CBAEE /* Assets.xcassets in Resources */ = {isa = PBXBuildFile; fileRef = 7FD0C9EF1C77049C008CBAEE /* Assets.xcassets */; };
		7FD0C9F31C77049C008CBAEE /* LaunchScreen.storyboard in Resources */ = {isa = PBXBuildFile; fileRef = 7FD0C9F11C77049C008CBAEE /* LaunchScreen.storyboard */; };
		7FD0C9FE1C77049C008CBAEE /* AZXTallyBookTests.m in Sources */ = {isa = PBXBuildFile; fileRef = 7FD0C9FD1C77049C008CBAEE /* AZXTallyBookTests.m */; };
		7FD0CA091C77049C008CBAEE /* AZXTallyBookUITests.m in Sources */ = {isa = PBXBuildFile; fileRef = 7FD0CA081C77049C008CBAEE /* AZXTallyBookUITests.m */; };
		7FD0CA181C79DCCE008CBAEE /* AZXAccountViewController.m in Sources */ = {isa = PBXBuildFile; fileRef = 7FD0CA171C79DCCE008CBAEE /* AZXAccountViewController.m */; };
		7FD0CA1E1C79DD85008CBAEE /* AZXNewAccountTableViewController.m in Sources */ = {isa = PBXBuildFile; fileRef = 7FD0CA1D1C79DD85008CBAEE /* AZXNewAccountTableViewController.m */; };
		7FD0CA241C79E26F008CBAEE /* AZXAccount.m in Sources */ = {isa = PBXBuildFile; fileRef = 7FD0CA231C79E26F008CBAEE /* AZXAccount.m */; };
/* End PBXBuildFile section */

/* Begin PBXContainerItemProxy section */
		7FD0C9FA1C77049C008CBAEE /* PBXContainerItemProxy */ = {
			isa = PBXContainerItemProxy;
			containerPortal = 7FD0C9D81C77049C008CBAEE /* Project object */;
			proxyType = 1;
			remoteGlobalIDString = 7FD0C9DF1C77049C008CBAEE;
			remoteInfo = AZXTallyBook;
		};
		7FD0CA051C77049C008CBAEE /* PBXContainerItemProxy */ = {
			isa = PBXContainerItemProxy;
			containerPortal = 7FD0C9D81C77049C008CBAEE /* Project object */;
			proxyType = 1;
			remoteGlobalIDString = 7FD0C9DF1C77049C008CBAEE;
			remoteInfo = AZXTallyBook;
		};
/* End PBXContainerItemProxy section */

/* Begin PBXFileReference section */
		7FD0C9E01C77049C008CBAEE /* AZXTallyBook.app */ = {isa = PBXFileReference; explicitFileType = wrapper.application; includeInIndex = 0; path = AZXTallyBook.app; sourceTree = BUILT_PRODUCTS_DIR; };
		7FD0C9E41C77049C008CBAEE /* main.m */ = {isa = PBXFileReference; lastKnownFileType = sourcecode.c.objc; path = main.m; sourceTree = "<group>"; };
		7FD0C9E61C77049C008CBAEE /* AppDelegate.h */ = {isa = PBXFileReference; lastKnownFileType = sourcecode.c.h; path = AppDelegate.h; sourceTree = "<group>"; };
		7FD0C9E71C77049C008CBAEE /* AppDelegate.m */ = {isa = PBXFileReference; lastKnownFileType = sourcecode.c.objc; path = AppDelegate.m; sourceTree = "<group>"; };
		7FD0C9ED1C77049C008CBAEE /* Base */ = {isa = PBXFileReference; lastKnownFileType = file.storyboard; name = Base; path = Base.lproj/Main.storyboard; sourceTree = "<group>"; };
		7FD0C9EF1C77049C008CBAEE /* Assets.xcassets */ = {isa = PBXFileReference; lastKnownFileType = folder.assetcatalog; path = Assets.xcassets; sourceTree = "<group>"; };
		7FD0C9F21C77049C008CBAEE /* Base */ = {isa = PBXFileReference; lastKnownFileType = file.storyboard; name = Base; path = Base.lproj/LaunchScreen.storyboard; sourceTree = "<group>"; };
		7FD0C9F41C77049C008CBAEE /* Info.plist */ = {isa = PBXFileReference; lastKnownFileType = text.plist.xml; path = Info.plist; sourceTree = "<group>"; };
		7FD0C9F91C77049C008CBAEE /* AZXTallyBookTests.xctest */ = {isa = PBXFileReference; explicitFileType = wrapper.cfbundle; includeInIndex = 0; path = AZXTallyBookTests.xctest; sourceTree = BUILT_PRODUCTS_DIR; };
		7FD0C9FD1C77049C008CBAEE /* AZXTallyBookTests.m */ = {isa = PBXFileReference; lastKnownFileType = sourcecode.c.objc; path = AZXTallyBookTests.m; sourceTree = "<group>"; };
		7FD0C9FF1C77049C008CBAEE /* Info.plist */ = {isa = PBXFileReference; lastKnownFileType = text.plist.xml; path = Info.plist; sourceTree = "<group>"; };
		7FD0CA041C77049C008CBAEE /* AZXTallyBookUITests.xctest */ = {isa = PBXFileReference; explicitFileType = wrapper.cfbundle; includeInIndex = 0; path = AZXTallyBookUITests.xctest; sourceTree = BUILT_PRODUCTS_DIR; };
		7FD0CA081C77049C008CBAEE /* AZXTallyBookUITests.m */ = {isa = PBXFileReference; lastKnownFileType = sourcecode.c.objc; path = AZXTallyBookUITests.m; sourceTree = "<group>"; };
		7FD0CA0A1C77049C008CBAEE /* Info.plist */ = {isa = PBXFileReference; lastKnownFileType = text.plist.xml; path = Info.plist; sourceTree = "<group>"; };
		7FD0CA161C79DCCE008CBAEE /* AZXAccountViewController.h */ = {isa = PBXFileReference; fileEncoding = 4; lastKnownFileType = sourcecode.c.h; path = AZXAccountViewController.h; sourceTree = "<group>"; };
		7FD0CA171C79DCCE008CBAEE /* AZXAccountViewController.m */ = {isa = PBXFileReference; fileEncoding = 4; lastKnownFileType = sourcecode.c.objc; path = AZXAccountViewController.m; sourceTree = "<group>"; };
		7FD0CA1C1C79DD85008CBAEE /* AZXNewAccountTableViewController.h */ = {isa = PBXFileReference; fileEncoding = 4; lastKnownFileType = sourcecode.c.h; path = AZXNewAccountTableViewController.h; sourceTree = "<group>"; };
		7FD0CA1D1C79DD85008CBAEE /* AZXNewAccountTableViewController.m */ = {isa = PBXFileReference; fileEncoding = 4; lastKnownFileType = sourcecode.c.objc; path = AZXNewAccountTableViewController.m; sourceTree = "<group>"; };
		7FD0CA221C79E26F008CBAEE /* AZXAccount.h */ = {isa = PBXFileReference; fileEncoding = 4; lastKnownFileType = sourcecode.c.h; path = AZXAccount.h; sourceTree = "<group>"; };
		7FD0CA231C79E26F008CBAEE /* AZXAccount.m */ = {isa = PBXFileReference; fileEncoding = 4; lastKnownFileType = sourcecode.c.objc; path = AZXAccount.m; sourceTree = "<group>"; };
/* End PBXFileReference section */

/* Begin PBXFrameworksBuildPhase section */
		7FD0C9DD1C77049C008CBAEE /* Frameworks */ = {
			isa = PBXFrameworksBuildPhase;
			buildActionMask = 2147483647;
			files = (
			);
			runOnlyForDeploymentPostprocessing = 0;
		};
		7FD0C9F61C77049C008CBAEE /* Frameworks */ = {
			isa = PBXFrameworksBuildPhase;
			buildActionMask = 2147483647;
			files = (
			);
			runOnlyForDeploymentPostprocessing = 0;
		};
		7FD0CA011C77049C008CBAEE /* Frameworks */ = {
			isa = PBXFrameworksBuildPhase;
			buildActionMask = 2147483647;
			files = (
			);
			runOnlyForDeploymentPostprocessing = 0;
		};
/* End PBXFrameworksBuildPhase section */

/* Begin PBXGroup section */
		7FD0C9D71C77049C008CBAEE = {
			isa = PBXGroup;
			children = (
				7FD0C9E21C77049C008CBAEE /* AZXTallyBook */,
				7FD0C9FC1C77049C008CBAEE /* AZXTallyBookTests */,
				7FD0CA071C77049C008CBAEE /* AZXTallyBookUITests */,
				7FD0C9E11C77049C008CBAEE /* Products */,
			);
			sourceTree = "<group>";
		};
		7FD0C9E11C77049C008CBAEE /* Products */ = {
			isa = PBXGroup;
			children = (
				7FD0C9E01C77049C008CBAEE /* AZXTallyBook.app */,
				7FD0C9F91C77049C008CBAEE /* AZXTallyBookTests.xctest */,
				7FD0CA041C77049C008CBAEE /* AZXTallyBookUITests.xctest */,
			);
			name = Products;
			sourceTree = "<group>";
		};
		7FD0C9E21C77049C008CBAEE /* AZXTallyBook */ = {
			isa = PBXGroup;
			children = (
				7FD0CA1F1C79E0F4008CBAEE /* 记账首页 */,
				7FD0CA201C79E10E008CBAEE /* 新建账单 */,
				7FD0C9EC1C77049C008CBAEE /* Main.storyboard */,
				7FD0C9E31C77049C008CBAEE /* Supporting Files */,
			);
			path = AZXTallyBook;
			sourceTree = "<group>";
		};
		7FD0C9E31C77049C008CBAEE /* Supporting Files */ = {
			isa = PBXGroup;
			children = (
				7FD0C9E61C77049C008CBAEE /* AppDelegate.h */,
				7FD0C9E71C77049C008CBAEE /* AppDelegate.m */,
				7FD0C9EF1C77049C008CBAEE /* Assets.xcassets */,
				7FD0C9F11C77049C008CBAEE /* LaunchScreen.storyboard */,
				7FD0C9F41C77049C008CBAEE /* Info.plist */,
				7FD0C9E41C77049C008CBAEE /* main.m */,
			);
			name = "Supporting Files";
			sourceTree = "<group>";
		};
		7FD0C9FC1C77049C008CBAEE /* AZXTallyBookTests */ = {
			isa = PBXGroup;
			children = (
				7FD0C9FD1C77049C008CBAEE /* AZXTallyBookTests.m */,
				7FD0C9FF1C77049C008CBAEE /* Info.plist */,
			);
			path = AZXTallyBookTests;
			sourceTree = "<group>";
		};
		7FD0CA071C77049C008CBAEE /* AZXTallyBookUITests */ = {
			isa = PBXGroup;
			children = (
				7FD0CA081C77049C008CBAEE /* AZXTallyBookUITests.m */,
				7FD0CA0A1C77049C008CBAEE /* Info.plist */,
			);
			path = AZXTallyBookUITests;
			sourceTree = "<group>";
		};
		7FD0CA1F1C79E0F4008CBAEE /* 记账首页 */ = {
			isa = PBXGroup;
			children = (
				7FD0CA161C79DCCE008CBAEE /* AZXAccountViewController.h */,
				7FD0CA171C79DCCE008CBAEE /* AZXAccountViewController.m */,
			);
			name = "记账首页";
			sourceTree = "<group>";
		};
		7FD0CA201C79E10E008CBAEE /* 新建账单 */ = {
			isa = PBXGroup;
			children = (
				7FD0CA211C79E1CC008CBAEE /* Controller */,
				7FD0CA251C79E274008CBAEE /* Model */,
			);
			name = "新建账单";
			sourceTree = "<group>";
		};
		7FD0CA211C79E1CC008CBAEE /* Controller */ = {
			isa = PBXGroup;
			children = (
				7FD0CA1C1C79DD85008CBAEE /* AZXNewAccountTableViewController.h */,
				7FD0CA1D1C79DD85008CBAEE /* AZXNewAccountTableViewController.m */,
			);
			name = Controller;
			sourceTree = "<group>";
		};
		7FD0CA251C79E274008CBAEE /* Model */ = {
			isa = PBXGroup;
			children = (
				7FD0CA221C79E26F008CBAEE /* AZXAccount.h */,
				7FD0CA231C79E26F008CBAEE /* AZXAccount.m */,
			);
			name = Model;
			sourceTree = "<group>";
		};
/* End PBXGroup section */

/* Begin PBXNativeTarget section */
		7FD0C9DF1C77049C008CBAEE /* AZXTallyBook */ = {
			isa = PBXNativeTarget;
			buildConfigurationList = 7FD0CA0D1C77049C008CBAEE /* Build configuration list for PBXNativeTarget "AZXTallyBook" */;
			buildPhases = (
				7FD0C9DC1C77049C008CBAEE /* Sources */,
				7FD0C9DD1C77049C008CBAEE /* Frameworks */,
				7FD0C9DE1C77049C008CBAEE /* Resources */,
			);
			buildRules = (
			);
			dependencies = (
			);
			name = AZXTallyBook;
			productName = AZXTallyBook;
			productReference = 7FD0C9E01C77049C008CBAEE /* AZXTallyBook.app */;
			productType = "com.apple.product-type.application";
		};
		7FD0C9F81C77049C008CBAEE /* AZXTallyBookTests */ = {
			isa = PBXNativeTarget;
			buildConfigurationList = 7FD0CA101C77049C008CBAEE /* Build configuration list for PBXNativeTarget "AZXTallyBookTests" */;
			buildPhases = (
				7FD0C9F51C77049C008CBAEE /* Sources */,
				7FD0C9F61C77049C008CBAEE /* Frameworks */,
				7FD0C9F71C77049C008CBAEE /* Resources */,
			);
			buildRules = (
			);
			dependencies = (
				7FD0C9FB1C77049C008CBAEE /* PBXTargetDependency */,
			);
			name = AZXTallyBookTests;
			productName = AZXTallyBookTests;
			productReference = 7FD0C9F91C77049C008CBAEE /* AZXTallyBookTests.xctest */;
			productType = "com.apple.product-type.bundle.unit-test";
		};
		7FD0CA031C77049C008CBAEE /* AZXTallyBookUITests */ = {
			isa = PBXNativeTarget;
			buildConfigurationList = 7FD0CA131C77049C008CBAEE /* Build configuration list for PBXNativeTarget "AZXTallyBookUITests" */;
			buildPhases = (
				7FD0CA001C77049C008CBAEE /* Sources */,
				7FD0CA011C77049C008CBAEE /* Frameworks */,
				7FD0CA021C77049C008CBAEE /* Resources */,
			);
			buildRules = (
			);
			dependencies = (
				7FD0CA061C77049C008CBAEE /* PBXTargetDependency */,
			);
			name = AZXTallyBookUITests;
			productName = AZXTallyBookUITests;
			productReference = 7FD0CA041C77049C008CBAEE /* AZXTallyBookUITests.xctest */;
			productType = "com.apple.product-type.bundle.ui-testing";
		};
/* End PBXNativeTarget section */

/* Begin PBXProject section */
		7FD0C9D81C77049C008CBAEE /* Project object */ = {
			isa = PBXProject;
			attributes = {
				LastUpgradeCheck = 0720;
				ORGANIZATIONNAME = azx;
				TargetAttributes = {
					7FD0C9DF1C77049C008CBAEE = {
						CreatedOnToolsVersion = 7.2.1;
						DevelopmentTeam = 5W8X7DUV7Q;
					};
					7FD0C9F81C77049C008CBAEE = {
						CreatedOnToolsVersion = 7.2.1;
						DevelopmentTeam = 5W8X7DUV7Q;
						TestTargetID = 7FD0C9DF1C77049C008CBAEE;
					};
					7FD0CA031C77049C008CBAEE = {
						CreatedOnToolsVersion = 7.2.1;
						DevelopmentTeam = 5W8X7DUV7Q;
						TestTargetID = 7FD0C9DF1C77049C008CBAEE;
					};
				};
			};
			buildConfigurationList = 7FD0C9DB1C77049C008CBAEE /* Build configuration list for PBXProject "AZXTallyBook" */;
			compatibilityVersion = "Xcode 3.2";
			developmentRegion = English;
			hasScannedForEncodings = 0;
			knownRegions = (
				en,
				Base,
			);
			mainGroup = 7FD0C9D71C77049C008CBAEE;
			productRefGroup = 7FD0C9E11C77049C008CBAEE /* Products */;
			projectDirPath = "";
			projectRoot = "";
			targets = (
				7FD0C9DF1C77049C008CBAEE /* AZXTallyBook */,
				7FD0C9F81C77049C008CBAEE /* AZXTallyBookTests */,
				7FD0CA031C77049C008CBAEE /* AZXTallyBookUITests */,
			);
		};
/* End PBXProject section */

/* Begin PBXResourcesBuildPhase section */
		7FD0C9DE1C77049C008CBAEE /* Resources */ = {
			isa = PBXResourcesBuildPhase;
			buildActionMask = 2147483647;
			files = (
				7FD0C9F31C77049C008CBAEE /* LaunchScreen.storyboard in Resources */,
				7FD0C9F01C77049C008CBAEE /* Assets.xcassets in Resources */,
				7FD0C9EE1C77049C008CBAEE /* Main.storyboard in Resources */,
			);
			runOnlyForDeploymentPostprocessing = 0;
		};
		7FD0C9F71C77049C008CBAEE /* Resources */ = {
			isa = PBXResourcesBuildPhase;
			buildActionMask = 2147483647;
			files = (
			);
			runOnlyForDeploymentPostprocessing = 0;
		};
		7FD0CA021C77049C008CBAEE /* Resources */ = {
			isa = PBXResourcesBuildPhase;
			buildActionMask = 2147483647;
			files = (
			);
			runOnlyForDeploymentPostprocessing = 0;
		};
/* End PBXResourcesBuildPhase section */

/* Begin PBXSourcesBuildPhase section */
		7FD0C9DC1C77049C008CBAEE /* Sources */ = {
			isa = PBXSourcesBuildPhase;
			buildActionMask = 2147483647;
			files = (
				7FD0C9E81C77049C008CBAEE /* AppDelegate.m in Sources */,
				7FD0CA181C79DCCE008CBAEE /* AZXAccountViewController.m in Sources */,
				7FD0CA1E1C79DD85008CBAEE /* AZXNewAccountTableViewController.m in Sources */,
				7FD0CA241C79E26F008CBAEE /* AZXAccount.m in Sources */,
				7FD0C9E51C77049C008CBAEE /* main.m in Sources */,
			);
			runOnlyForDeploymentPostprocessing = 0;
		};
		7FD0C9F51C77049C008CBAEE /* Sources */ = {
			isa = PBXSourcesBuildPhase;
			buildActionMask = 2147483647;
			files = (
				7FD0C9FE1C77049C008CBAEE /* AZXTallyBookTests.m in Sources */,
			);
			runOnlyForDeploymentPostprocessing = 0;
		};
		7FD0CA001C77049C008CBAEE /* Sources */ = {
			isa = PBXSourcesBuildPhase;
			buildActionMask = 2147483647;
			files = (
				7FD0CA091C77049C008CBAEE /* AZXTallyBookUITests.m in Sources */,
			);
			runOnlyForDeploymentPostprocessing = 0;
		};
/* End PBXSourcesBuildPhase section */

/* Begin PBXTargetDependency section */
		7FD0C9FB1C77049C008CBAEE /* PBXTargetDependency */ = {
			isa = PBXTargetDependency;
			target = 7FD0C9DF1C77049C008CBAEE /* AZXTallyBook */;
			targetProxy = 7FD0C9FA1C77049C008CBAEE /* PBXContainerItemProxy */;
		};
		7FD0CA061C77049C008CBAEE /* PBXTargetDependency */ = {
			isa = PBXTargetDependency;
			target = 7FD0C9DF1C77049C008CBAEE /* AZXTallyBook */;
			targetProxy = 7FD0CA051C77049C008CBAEE /* PBXContainerItemProxy */;
		};
/* End PBXTargetDependency section */

/* Begin PBXVariantGroup section */
		7FD0C9EC1C77049C008CBAEE /* Main.storyboard */ = {
			isa = PBXVariantGroup;
			children = (
				7FD0C9ED1C77049C008CBAEE /* Base */,
			);
			name = Main.storyboard;
			sourceTree = "<group>";
		};
		7FD0C9F11C77049C008CBAEE /* LaunchScreen.storyboard */ = {
			isa = PBXVariantGroup;
			children = (
				7FD0C9F21C77049C008CBAEE /* Base */,
			);
			name = LaunchScreen.storyboard;
			sourceTree = "<group>";
		};
/* End PBXVariantGroup section */

/* Begin XCBuildConfiguration section */
		7FD0CA0B1C77049C008CBAEE /* Debug */ = {
			isa = XCBuildConfiguration;
			buildSettings = {
				ALWAYS_SEARCH_USER_PATHS = NO;
				CLANG_CXX_LANGUAGE_STANDARD = "gnu++0x";
				CLANG_CXX_LIBRARY = "libc++";
				CLANG_ENABLE_MODULES = YES;
				CLANG_ENABLE_OBJC_ARC = YES;
				CLANG_WARN_BOOL_CONVERSION = YES;
				CLANG_WARN_CONSTANT_CONVERSION = YES;
				CLANG_WARN_DIRECT_OBJC_ISA_USAGE = YES_ERROR;
				CLANG_WARN_EMPTY_BODY = YES;
				CLANG_WARN_ENUM_CONVERSION = YES;
				CLANG_WARN_INT_CONVERSION = YES;
				CLANG_WARN_OBJC_ROOT_CLASS = YES_ERROR;
				CLANG_WARN_UNREACHABLE_CODE = YES;
				CLANG_WARN__DUPLICATE_METHOD_MATCH = YES;
				"CODE_SIGN_IDENTITY[sdk=iphoneos*]" = "iPhone Developer";
				COPY_PHASE_STRIP = NO;
				DEBUG_INFORMATION_FORMAT = dwarf;
				ENABLE_STRICT_OBJC_MSGSEND = YES;
				ENABLE_TESTABILITY = YES;
				GCC_C_LANGUAGE_STANDARD = gnu99;
				GCC_DYNAMIC_NO_PIC = NO;
				GCC_NO_COMMON_BLOCKS = YES;
				GCC_OPTIMIZATION_LEVEL = 0;
				GCC_PREPROCESSOR_DEFINITIONS = (
					"DEBUG=1",
					"$(inherited)",
				);
				GCC_WARN_64_TO_32_BIT_CONVERSION = YES;
				GCC_WARN_ABOUT_RETURN_TYPE = YES_ERROR;
				GCC_WARN_UNDECLARED_SELECTOR = YES;
				GCC_WARN_UNINITIALIZED_AUTOS = YES_AGGRESSIVE;
				GCC_WARN_UNUSED_FUNCTION = YES;
				GCC_WARN_UNUSED_VARIABLE = YES;
				IPHONEOS_DEPLOYMENT_TARGET = 9.2;
				MTL_ENABLE_DEBUG_INFO = YES;
				ONLY_ACTIVE_ARCH = YES;
				SDKROOT = iphoneos;
				TARGETED_DEVICE_FAMILY = "1,2";
			};
			name = Debug;
		};
		7FD0CA0C1C77049C008CBAEE /* Release */ = {
			isa = XCBuildConfiguration;
			buildSettings = {
				ALWAYS_SEARCH_USER_PATHS = NO;
				CLANG_CXX_LANGUAGE_STANDARD = "gnu++0x";
				CLANG_CXX_LIBRARY = "libc++";
				CLANG_ENABLE_MODULES = YES;
				CLANG_ENABLE_OBJC_ARC = YES;
				CLANG_WARN_BOOL_CONVERSION = YES;
				CLANG_WARN_CONSTANT_CONVERSION = YES;
				CLANG_WARN_DIRECT_OBJC_ISA_USAGE = YES_ERROR;
				CLANG_WARN_EMPTY_BODY = YES;
				CLANG_WARN_ENUM_CONVERSION = YES;
				CLANG_WARN_INT_CONVERSION = YES;
				CLANG_WARN_OBJC_ROOT_CLASS = YES_ERROR;
				CLANG_WARN_UNREACHABLE_CODE = YES;
				CLANG_WARN__DUPLICATE_METHOD_MATCH = YES;
				"CODE_SIGN_IDENTITY[sdk=iphoneos*]" = "iPhone Developer";
				COPY_PHASE_STRIP = NO;
				DEBUG_INFORMATION_FORMAT = "dwarf-with-dsym";
				ENABLE_NS_ASSERTIONS = NO;
				ENABLE_STRICT_OBJC_MSGSEND = YES;
				GCC_C_LANGUAGE_STANDARD = gnu99;
				GCC_NO_COMMON_BLOCKS = YES;
				GCC_WARN_64_TO_32_BIT_CONVERSION = YES;
				GCC_WARN_ABOUT_RETURN_TYPE = YES_ERROR;
				GCC_WARN_UNDECLARED_SELECTOR = YES;
				GCC_WARN_UNINITIALIZED_AUTOS = YES_AGGRESSIVE;
				GCC_WARN_UNUSED_FUNCTION = YES;
				GCC_WARN_UNUSED_VARIABLE = YES;
				IPHONEOS_DEPLOYMENT_TARGET = 9.2;
				MTL_ENABLE_DEBUG_INFO = NO;
				SDKROOT = iphoneos;
				TARGETED_DEVICE_FAMILY = "1,2";
				VALIDATE_PRODUCT = YES;
			};
			name = Release;
		};
		7FD0CA0E1C77049C008CBAEE /* Debug */ = {
			isa = XCBuildConfiguration;
			buildSettings = {
				ASSETCATALOG_COMPILER_APPICON_NAME = AppIcon;
				INFOPLIST_FILE = AZXTallyBook/Info.plist;
				LD_RUNPATH_SEARCH_PATHS = "$(inherited) @executable_path/Frameworks";
				PRODUCT_BUNDLE_IDENTIFIER = com.azxccmu.AZXTallyBook;
				PRODUCT_NAME = "$(TARGET_NAME)";
				TARGETED_DEVICE_FAMILY = "1,2";
			};
			name = Debug;
		};
		7FD0CA0F1C77049C008CBAEE /* Release */ = {
			isa = XCBuildConfiguration;
			buildSettings = {
				ASSETCATALOG_COMPILER_APPICON_NAME = AppIcon;
				INFOPLIST_FILE = AZXTallyBook/Info.plist;
				LD_RUNPATH_SEARCH_PATHS = "$(inherited) @executable_path/Frameworks";
				PRODUCT_BUNDLE_IDENTIFIER = com.azxccmu.AZXTallyBook;
				PRODUCT_NAME = "$(TARGET_NAME)";
				TARGETED_DEVICE_FAMILY = "1,2";
			};
			name = Release;
		};
		7FD0CA111C77049C008CBAEE /* Debug */ = {
			isa = XCBuildConfiguration;
			buildSettings = {
				BUNDLE_LOADER = "$(TEST_HOST)";
				INFOPLIST_FILE = AZXTallyBookTests/Info.plist;
				LD_RUNPATH_SEARCH_PATHS = "$(inherited) @executable_path/Frameworks @loader_path/Frameworks";
				PRODUCT_BUNDLE_IDENTIFIER = com.azxccmu.AZXTallyBookTests;
				PRODUCT_NAME = "$(TARGET_NAME)";
				TEST_HOST = "$(BUILT_PRODUCTS_DIR)/AZXTallyBook.app/AZXTallyBook";
			};
			name = Debug;
		};
		7FD0CA121C77049C008CBAEE /* Release */ = {
			isa = XCBuildConfiguration;
			buildSettings = {
				BUNDLE_LOADER = "$(TEST_HOST)";
				INFOPLIST_FILE = AZXTallyBookTests/Info.plist;
				LD_RUNPATH_SEARCH_PATHS = "$(inherited) @executable_path/Frameworks @loader_path/Frameworks";
				PRODUCT_BUNDLE_IDENTIFIER = com.azxccmu.AZXTallyBookTests;
				PRODUCT_NAME = "$(TARGET_NAME)";
				TEST_HOST = "$(BUILT_PRODUCTS_DIR)/AZXTallyBook.app/AZXTallyBook";
			};
			name = Release;
		};
		7FD0CA141C77049C008CBAEE /* Debug */ = {
			isa = XCBuildConfiguration;
			buildSettings = {
				INFOPLIST_FILE = AZXTallyBookUITests/Info.plist;
				LD_RUNPATH_SEARCH_PATHS = "$(inherited) @executable_path/Frameworks @loader_path/Frameworks";
				PRODUCT_BUNDLE_IDENTIFIER = com.azxccmu.AZXTallyBookUITests;
				PRODUCT_NAME = "$(TARGET_NAME)";
				TEST_TARGET_NAME = AZXTallyBook;
				USES_XCTRUNNER = YES;
			};
			name = Debug;
		};
		7FD0CA151C77049C008CBAEE /* Release */ = {
			isa = XCBuildConfiguration;
			buildSettings = {
				INFOPLIST_FILE = AZXTallyBookUITests/Info.plist;
				LD_RUNPATH_SEARCH_PATHS = "$(inherited) @executable_path/Frameworks @loader_path/Frameworks";
				PRODUCT_BUNDLE_IDENTIFIER = com.azxccmu.AZXTallyBookUITests;
				PRODUCT_NAME = "$(TARGET_NAME)";
				TEST_TARGET_NAME = AZXTallyBook;
				USES_XCTRUNNER = YES;
			};
			name = Release;
		};
/* End XCBuildConfiguration section */

/* Begin XCConfigurationList section */
		7FD0C9DB1C77049C008CBAEE /* Build configuration list for PBXProject "AZXTallyBook" */ = {
			isa = XCConfigurationList;
			buildConfigurations = (
				7FD0CA0B1C77049C008CBAEE /* Debug */,
				7FD0CA0C1C77049C008CBAEE /* Release */,
			);
			defaultConfigurationIsVisible = 0;
			defaultConfigurationName = Release;
		};
		7FD0CA0D1C77049C008CBAEE /* Build configuration list for PBXNativeTarget "AZXTallyBook" */ = {
			isa = XCConfigurationList;
			buildConfigurations = (
				7FD0CA0E1C77049C008CBAEE /* Debug */,
				7FD0CA0F1C77049C008CBAEE /* Release */,
			);
			defaultConfigurationIsVisible = 0;
			defaultConfigurationName = Release;
		};
		7FD0CA101C77049C008CBAEE /* Build configuration list for PBXNativeTarget "AZXTallyBookTests" */ = {
			isa = XCConfigurationList;
			buildConfigurations = (
				7FD0CA111C77049C008CBAEE /* Debug */,
				7FD0CA121C77049C008CBAEE /* Release */,
			);
			defaultConfigurationIsVisible = 0;
			defaultConfigurationName = Release;
		};
		7FD0CA131C77049C008CBAEE /* Build configuration list for PBXNativeTarget "AZXTallyBookUITests" */ = {
			isa = XCConfigurationList;
			buildConfigurations = (
				7FD0CA141C77049C008CBAEE /* Debug */,
				7FD0CA151C77049C008CBAEE /* Release */,
			);
			defaultConfigurationIsVisible = 0;
			defaultConfigurationName = Release;
		};
/* End XCConfigurationList section */
	};
	rootObject = 7FD0C9D81C77049C008CBAEE /* Project object */;
}
