// !$*UTF8*$!
{
	archiveVersion = 1;
	classes = {
	};
	objectVersion = 46;
	objects = {

/* Begin PBXBuildFile section */
		1CC3424C787CB543DB56C08A /* libPods.a in Frameworks */ = {isa = PBXBuildFile; fileRef = 1ED1455F4A860E80482FB9E2 /* libPods.a */; };
		7F057DAA1C8D6B28003DA3C7 /* main.m in Sources */ = {isa = PBXBuildFile; fileRef = 7F057DA91C8D6B28003DA3C7 /* main.m */; };
		7F057DAD1C8D6B28003DA3C7 /* AppDelegate.m in Sources */ = {isa = PBXBuildFile; fileRef = 7F057DAC1C8D6B28003DA3C7 /* AppDelegate.m */; };
		7F057DB61C8D6B28003DA3C7 /* AZXTallyBook.xcdatamodeld in Sources */ = {isa = PBXBuildFile; fileRef = 7F057DB41C8D6B28003DA3C7 /* AZXTallyBook.xcdatamodeld */; };
		7F057DB81C8D6B28003DA3C7 /* Assets.xcassets in Resources */ = {isa = PBXBuildFile; fileRef = 7F057DB71C8D6B28003DA3C7 /* Assets.xcassets */; };
		7F057DBB1C8D6B28003DA3C7 /* LaunchScreen.storyboard in Resources */ = {isa = PBXBuildFile; fileRef = 7F057DB91C8D6B28003DA3C7 /* LaunchScreen.storyboard */; };
		7F057DC61C8D6B28003DA3C7 /* AZXTallyBookTests.m in Sources */ = {isa = PBXBuildFile; fileRef = 7F057DC51C8D6B28003DA3C7 /* AZXTallyBookTests.m */; };
		7F057DD11C8D6B28003DA3C7 /* AZXTallyBookUITests.m in Sources */ = {isa = PBXBuildFile; fileRef = 7F057DD01C8D6B28003DA3C7 /* AZXTallyBookUITests.m */; };
		7F057DE51C8D6B8E003DA3C7 /* AZXAccountViewController.m in Sources */ = {isa = PBXBuildFile; fileRef = 7F057DDF1C8D6B8E003DA3C7 /* AZXAccountViewController.m */; };
		7F057DE61C8D6B8E003DA3C7 /* AZXNewAccountTableViewController.m in Sources */ = {isa = PBXBuildFile; fileRef = 7F057DE11C8D6B8E003DA3C7 /* AZXNewAccountTableViewController.m */; };
		7F057DE81C8D6B8E003DA3C7 /* Main.storyboard in Resources */ = {isa = PBXBuildFile; fileRef = 7F057DE41C8D6B8E003DA3C7 /* Main.storyboard */; };
		7F057DED1C8DA504003DA3C7 /* AZXAccountTableViewCell.m in Sources */ = {isa = PBXBuildFile; fileRef = 7F057DEC1C8DA504003DA3C7 /* AZXAccountTableViewCell.m */; };
		7F077CF11C926DCC00D85707 /* AZXAllHistoryViewController.m in Sources */ = {isa = PBXBuildFile; fileRef = 7F077CF01C926DCC00D85707 /* AZXAllHistoryViewController.m */; };
		7F077CF61C926E9300D85707 /* AZXAllHistoryTableViewCell.m in Sources */ = {isa = PBXBuildFile; fileRef = 7F077CF51C926E9300D85707 /* AZXAllHistoryTableViewCell.m */; };
		7F077CFA1C92B0D400D85707 /* AZXMonthHIstoryViewController.m in Sources */ = {isa = PBXBuildFile; fileRef = 7F077CF91C92B0D400D85707 /* AZXMonthHIstoryViewController.m */; };
		7F077D031C93F67700D85707 /* AZXPieView.m in Sources */ = {isa = PBXBuildFile; fileRef = 7F077D021C93F67700D85707 /* AZXPieView.m */; };
		7F077D071C940B9700D85707 /* AZXPieViewController.m in Sources */ = {isa = PBXBuildFile; fileRef = 7F077D061C940B9700D85707 /* AZXPieViewController.m */; };
		7F077D4B1C9516CD00D85707 /* AZXPieTableViewCell.m in Sources */ = {isa = PBXBuildFile; fileRef = 7F077D4A1C9516CD00D85707 /* AZXPieTableViewCell.m */; };
		7F077D501C966B8000D85707 /* AZXTypeDetailViewController.m in Sources */ = {isa = PBXBuildFile; fileRef = 7F077D4F1C966B8000D85707 /* AZXTypeDetailViewController.m */; };
		7F077D541C96C73F00D85707 /* AZXSettingTableViewController.m in Sources */ = {isa = PBXBuildFile; fileRef = 7F077D531C96C73F00D85707 /* AZXSettingTableViewController.m */; };
		7F077D591C96D37C00D85707 /* AZXOperateTypeTableViewController.m in Sources */ = {isa = PBXBuildFile; fileRef = 7F077D581C96D37C00D85707 /* AZXOperateTypeTableViewController.m */; };
		7F077D5D1C96D47700D85707 /* AZXOperateTypeTableViewCell.m in Sources */ = {isa = PBXBuildFile; fileRef = 7F077D5C1C96D47700D85707 /* AZXOperateTypeTableViewCell.m */; };
		7F10B83A1C9939CC00A8F3AF /* AZXAddTypeViewController.m in Sources */ = {isa = PBXBuildFile; fileRef = 7F10B8391C9939CB00A8F3AF /* AZXAddTypeViewController.m */; };
		7F10B83E1C9942F200A8F3AF /* AZXAddTypeCollectionViewCell.m in Sources */ = {isa = PBXBuildFile; fileRef = 7F10B83D1C9942F200A8F3AF /* AZXAddTypeCollectionViewCell.m */; };
		7FE29C951CA3C77000681ED6 /* UIViewController+BackButtonHandler.m in Sources */ = {isa = PBXBuildFile; fileRef = 7FE29C941CA3C77000681ED6 /* UIViewController+BackButtonHandler.m */; };
		7FF2307C1C8FC4200065F312 /* Account+CoreDataProperties.m in Sources */ = {isa = PBXBuildFile; fileRef = 7FF230791C8FC4200065F312 /* Account+CoreDataProperties.m */; };
		7FF2307D1C8FC4200065F312 /* Account.m in Sources */ = {isa = PBXBuildFile; fileRef = 7FF2307B1C8FC4200065F312 /* Account.m */; };
/* End PBXBuildFile section */

/* Begin PBXContainerItemProxy section */
		7F057DC21C8D6B28003DA3C7 /* PBXContainerItemProxy */ = {
			isa = PBXContainerItemProxy;
			containerPortal = 7F057D9D1C8D6B28003DA3C7 /* Project object */;
			proxyType = 1;
			remoteGlobalIDString = 7F057DA41C8D6B28003DA3C7;
			remoteInfo = AZXTallyBook;
		};
		7F057DCD1C8D6B28003DA3C7 /* PBXContainerItemProxy */ = {
			isa = PBXContainerItemProxy;
			containerPortal = 7F057D9D1C8D6B28003DA3C7 /* Project object */;
			proxyType = 1;
			remoteGlobalIDString = 7F057DA41C8D6B28003DA3C7;
			remoteInfo = AZXTallyBook;
		};
/* End PBXContainerItemProxy section */

/* Begin PBXFileReference section */
		1ED1455F4A860E80482FB9E2 /* libPods.a */ = {isa = PBXFileReference; explicitFileType = archive.ar; includeInIndex = 0; path = libPods.a; sourceTree = BUILT_PRODUCTS_DIR; };
		7F057DA51C8D6B28003DA3C7 /* AZXTallyBook.app */ = {isa = PBXFileReference; explicitFileType = wrapper.application; includeInIndex = 0; path = AZXTallyBook.app; sourceTree = BUILT_PRODUCTS_DIR; };
		7F057DA91C8D6B28003DA3C7 /* main.m */ = {isa = PBXFileReference; lastKnownFileType = sourcecode.c.objc; path = main.m; sourceTree = "<group>"; };
		7F057DAB1C8D6B28003DA3C7 /* AppDelegate.h */ = {isa = PBXFileReference; lastKnownFileType = sourcecode.c.h; path = AppDelegate.h; sourceTree = "<group>"; };
		7F057DAC1C8D6B28003DA3C7 /* AppDelegate.m */ = {isa = PBXFileReference; lastKnownFileType = sourcecode.c.objc; path = AppDelegate.m; sourceTree = "<group>"; };
		7F057DB51C8D6B28003DA3C7 /* AZXTallyBook.xcdatamodel */ = {isa = PBXFileReference; lastKnownFileType = wrapper.xcdatamodel; path = AZXTallyBook.xcdatamodel; sourceTree = "<group>"; };
		7F057DB71C8D6B28003DA3C7 /* Assets.xcassets */ = {isa = PBXFileReference; lastKnownFileType = folder.assetcatalog; path = Assets.xcassets; sourceTree = "<group>"; };
		7F057DBA1C8D6B28003DA3C7 /* Base */ = {isa = PBXFileReference; lastKnownFileType = file.storyboard; name = Base; path = Base.lproj/LaunchScreen.storyboard; sourceTree = "<group>"; };
		7F057DBC1C8D6B28003DA3C7 /* Info.plist */ = {isa = PBXFileReference; lastKnownFileType = text.plist.xml; path = Info.plist; sourceTree = "<group>"; };
		7F057DC11C8D6B28003DA3C7 /* AZXTallyBookTests.xctest */ = {isa = PBXFileReference; explicitFileType = wrapper.cfbundle; includeInIndex = 0; path = AZXTallyBookTests.xctest; sourceTree = BUILT_PRODUCTS_DIR; };
		7F057DC51C8D6B28003DA3C7 /* AZXTallyBookTests.m */ = {isa = PBXFileReference; lastKnownFileType = sourcecode.c.objc; path = AZXTallyBookTests.m; sourceTree = "<group>"; };
		7F057DC71C8D6B28003DA3C7 /* Info.plist */ = {isa = PBXFileReference; lastKnownFileType = text.plist.xml; path = Info.plist; sourceTree = "<group>"; };
		7F057DCC1C8D6B28003DA3C7 /* AZXTallyBookUITests.xctest */ = {isa = PBXFileReference; explicitFileType = wrapper.cfbundle; includeInIndex = 0; path = AZXTallyBookUITests.xctest; sourceTree = BUILT_PRODUCTS_DIR; };
		7F057DD01C8D6B28003DA3C7 /* AZXTallyBookUITests.m */ = {isa = PBXFileReference; lastKnownFileType = sourcecode.c.objc; path = AZXTallyBookUITests.m; sourceTree = "<group>"; };
		7F057DD21C8D6B28003DA3C7 /* Info.plist */ = {isa = PBXFileReference; lastKnownFileType = text.plist.xml; path = Info.plist; sourceTree = "<group>"; };
		7F057DDE1C8D6B8E003DA3C7 /* AZXAccountViewController.h */ = {isa = PBXFileReference; fileEncoding = 4; lastKnownFileType = sourcecode.c.h; path = AZXAccountViewController.h; sourceTree = "<group>"; };
		7F057DDF1C8D6B8E003DA3C7 /* AZXAccountViewController.m */ = {isa = PBXFileReference; fileEncoding = 4; lastKnownFileType = sourcecode.c.objc; path = AZXAccountViewController.m; sourceTree = "<group>"; };
		7F057DE01C8D6B8E003DA3C7 /* AZXNewAccountTableViewController.h */ = {isa = PBXFileReference; fileEncoding = 4; lastKnownFileType = sourcecode.c.h; path = AZXNewAccountTableViewController.h; sourceTree = "<group>"; };
		7F057DE11C8D6B8E003DA3C7 /* AZXNewAccountTableViewController.m */ = {isa = PBXFileReference; fileEncoding = 4; lastKnownFileType = sourcecode.c.objc; path = AZXNewAccountTableViewController.m; sourceTree = "<group>"; };
		7F057DE41C8D6B8E003DA3C7 /* Main.storyboard */ = {isa = PBXFileReference; fileEncoding = 4; lastKnownFileType = file.storyboard; path = Main.storyboard; sourceTree = "<group>"; };
		7F057DEB1C8DA504003DA3C7 /* AZXAccountTableViewCell.h */ = {isa = PBXFileReference; fileEncoding = 4; lastKnownFileType = sourcecode.c.h; path = AZXAccountTableViewCell.h; sourceTree = "<group>"; };
		7F057DEC1C8DA504003DA3C7 /* AZXAccountTableViewCell.m */ = {isa = PBXFileReference; fileEncoding = 4; lastKnownFileType = sourcecode.c.objc; path = AZXAccountTableViewCell.m; sourceTree = "<group>"; };
		7F077CEF1C926DCC00D85707 /* AZXAllHistoryViewController.h */ = {isa = PBXFileReference; fileEncoding = 4; lastKnownFileType = sourcecode.c.h; path = AZXAllHistoryViewController.h; sourceTree = "<group>"; };
		7F077CF01C926DCC00D85707 /* AZXAllHistoryViewController.m */ = {isa = PBXFileReference; fileEncoding = 4; lastKnownFileType = sourcecode.c.objc; path = AZXAllHistoryViewController.m; sourceTree = "<group>"; };
		7F077CF41C926E9300D85707 /* AZXAllHistoryTableViewCell.h */ = {isa = PBXFileReference; fileEncoding = 4; lastKnownFileType = sourcecode.c.h; path = AZXAllHistoryTableViewCell.h; sourceTree = "<group>"; };
		7F077CF51C926E9300D85707 /* AZXAllHistoryTableViewCell.m */ = {isa = PBXFileReference; fileEncoding = 4; lastKnownFileType = sourcecode.c.objc; path = AZXAllHistoryTableViewCell.m; sourceTree = "<group>"; };
		7F077CF81C92B0D400D85707 /* AZXMonthHIstoryViewController.h */ = {isa = PBXFileReference; fileEncoding = 4; lastKnownFileType = sourcecode.c.h; path = AZXMonthHIstoryViewController.h; sourceTree = "<group>"; };
		7F077CF91C92B0D400D85707 /* AZXMonthHIstoryViewController.m */ = {isa = PBXFileReference; fileEncoding = 4; lastKnownFileType = sourcecode.c.objc; path = AZXMonthHIstoryViewController.m; sourceTree = "<group>"; };
		7F077D011C93F67700D85707 /* AZXPieView.h */ = {isa = PBXFileReference; fileEncoding = 4; lastKnownFileType = sourcecode.c.h; path = AZXPieView.h; sourceTree = "<group>"; };
		7F077D021C93F67700D85707 /* AZXPieView.m */ = {isa = PBXFileReference; fileEncoding = 4; lastKnownFileType = sourcecode.c.objc; path = AZXPieView.m; sourceTree = "<group>"; };
		7F077D051C940B9700D85707 /* AZXPieViewController.h */ = {isa = PBXFileReference; fileEncoding = 4; lastKnownFileType = sourcecode.c.h; path = AZXPieViewController.h; sourceTree = "<group>"; };
		7F077D061C940B9700D85707 /* AZXPieViewController.m */ = {isa = PBXFileReference; fileEncoding = 4; lastKnownFileType = sourcecode.c.objc; path = AZXPieViewController.m; sourceTree = "<group>"; };
		7F077D491C9516CD00D85707 /* AZXPieTableViewCell.h */ = {isa = PBXFileReference; fileEncoding = 4; lastKnownFileType = sourcecode.c.h; path = AZXPieTableViewCell.h; sourceTree = "<group>"; };
		7F077D4A1C9516CD00D85707 /* AZXPieTableViewCell.m */ = {isa = PBXFileReference; fileEncoding = 4; lastKnownFileType = sourcecode.c.objc; path = AZXPieTableViewCell.m; sourceTree = "<group>"; };
		7F077D4E1C966B8000D85707 /* AZXTypeDetailViewController.h */ = {isa = PBXFileReference; fileEncoding = 4; lastKnownFileType = sourcecode.c.h; path = AZXTypeDetailViewController.h; sourceTree = "<group>"; };
		7F077D4F1C966B8000D85707 /* AZXTypeDetailViewController.m */ = {isa = PBXFileReference; fileEncoding = 4; lastKnownFileType = sourcecode.c.objc; path = AZXTypeDetailViewController.m; sourceTree = "<group>"; };
		7F077D521C96C73F00D85707 /* AZXSettingTableViewController.h */ = {isa = PBXFileReference; fileEncoding = 4; lastKnownFileType = sourcecode.c.h; path = AZXSettingTableViewController.h; sourceTree = "<group>"; };
		7F077D531C96C73F00D85707 /* AZXSettingTableViewController.m */ = {isa = PBXFileReference; fileEncoding = 4; lastKnownFileType = sourcecode.c.objc; path = AZXSettingTableViewController.m; sourceTree = "<group>"; };
		7F077D571C96D37C00D85707 /* AZXOperateTypeTableViewController.h */ = {isa = PBXFileReference; fileEncoding = 4; lastKnownFileType = sourcecode.c.h; path = AZXOperateTypeTableViewController.h; sourceTree = "<group>"; };
		7F077D581C96D37C00D85707 /* AZXOperateTypeTableViewController.m */ = {isa = PBXFileReference; fileEncoding = 4; lastKnownFileType = sourcecode.c.objc; path = AZXOperateTypeTableViewController.m; sourceTree = "<group>"; };
		7F077D5B1C96D47700D85707 /* AZXOperateTypeTableViewCell.h */ = {isa = PBXFileReference; fileEncoding = 4; lastKnownFileType = sourcecode.c.h; path = AZXOperateTypeTableViewCell.h; sourceTree = "<group>"; };
		7F077D5C1C96D47700D85707 /* AZXOperateTypeTableViewCell.m */ = {isa = PBXFileReference; fileEncoding = 4; lastKnownFileType = sourcecode.c.objc; path = AZXOperateTypeTableViewCell.m; sourceTree = "<group>"; };
		7F10B8381C9939CB00A8F3AF /* AZXAddTypeViewController.h */ = {isa = PBXFileReference; fileEncoding = 4; lastKnownFileType = sourcecode.c.h; path = AZXAddTypeViewController.h; sourceTree = "<group>"; };
		7F10B8391C9939CB00A8F3AF /* AZXAddTypeViewController.m */ = {isa = PBXFileReference; fileEncoding = 4; lastKnownFileType = sourcecode.c.objc; path = AZXAddTypeViewController.m; sourceTree = "<group>"; };
		7F10B83C1C9942F200A8F3AF /* AZXAddTypeCollectionViewCell.h */ = {isa = PBXFileReference; fileEncoding = 4; lastKnownFileType = sourcecode.c.h; path = AZXAddTypeCollectionViewCell.h; sourceTree = "<group>"; };
		7F10B83D1C9942F200A8F3AF /* AZXAddTypeCollectionViewCell.m */ = {isa = PBXFileReference; fileEncoding = 4; lastKnownFileType = sourcecode.c.objc; path = AZXAddTypeCollectionViewCell.m; sourceTree = "<group>"; };
		7FE29C931CA3C77000681ED6 /* UIViewController+BackButtonHandler.h */ = {isa = PBXFileReference; fileEncoding = 4; lastKnownFileType = sourcecode.c.h; path = "UIViewController+BackButtonHandler.h"; sourceTree = "<group>"; };
		7FE29C941CA3C77000681ED6 /* UIViewController+BackButtonHandler.m */ = {isa = PBXFileReference; fileEncoding = 4; lastKnownFileType = sourcecode.c.objc; path = "UIViewController+BackButtonHandler.m"; sourceTree = "<group>"; };
		7FF230781C8FC4200065F312 /* Account+CoreDataProperties.h */ = {isa = PBXFileReference; fileEncoding = 4; lastKnownFileType = sourcecode.c.h; path = "Account+CoreDataProperties.h"; sourceTree = "<group>"; };
		7FF230791C8FC4200065F312 /* Account+CoreDataProperties.m */ = {isa = PBXFileReference; fileEncoding = 4; lastKnownFileType = sourcecode.c.objc; path = "Account+CoreDataProperties.m"; sourceTree = "<group>"; };
		7FF2307A1C8FC4200065F312 /* Account.h */ = {isa = PBXFileReference; fileEncoding = 4; lastKnownFileType = sourcecode.c.h; path = Account.h; sourceTree = "<group>"; };
		7FF2307B1C8FC4200065F312 /* Account.m */ = {isa = PBXFileReference; fileEncoding = 4; lastKnownFileType = sourcecode.c.objc; path = Account.m; sourceTree = "<group>"; };
		8A3C022560A7BB4C4506D44E /* Pods.release.xcconfig */ = {isa = PBXFileReference; includeInIndex = 1; lastKnownFileType = text.xcconfig; name = Pods.release.xcconfig; path = "Pods/Target Support Files/Pods/Pods.release.xcconfig"; sourceTree = "<group>"; };
		F68D46583CCDFED50E95FFDC /* Pods.debug.xcconfig */ = {isa = PBXFileReference; includeInIndex = 1; lastKnownFileType = text.xcconfig; name = Pods.debug.xcconfig; path = "Pods/Target Support Files/Pods/Pods.debug.xcconfig"; sourceTree = "<group>"; };
/* End PBXFileReference section */

/* Begin PBXFrameworksBuildPhase section */
		7F057DA21C8D6B28003DA3C7 /* Frameworks */ = {
			isa = PBXFrameworksBuildPhase;
			buildActionMask = 2147483647;
			files = (
				1CC3424C787CB543DB56C08A /* libPods.a in Frameworks */,
			);
			runOnlyForDeploymentPostprocessing = 0;
		};
		7F057DBE1C8D6B28003DA3C7 /* Frameworks */ = {
			isa = PBXFrameworksBuildPhase;
			buildActionMask = 2147483647;
			files = (
			);
			runOnlyForDeploymentPostprocessing = 0;
		};
		7F057DC91C8D6B28003DA3C7 /* Frameworks */ = {
			isa = PBXFrameworksBuildPhase;
			buildActionMask = 2147483647;
			files = (
			);
			runOnlyForDeploymentPostprocessing = 0;
		};
/* End PBXFrameworksBuildPhase section */

/* Begin PBXGroup section */
		0A4F949287E65DDA35E77E3F /* Pods */ = {
			isa = PBXGroup;
			children = (
				F68D46583CCDFED50E95FFDC /* Pods.debug.xcconfig */,
				8A3C022560A7BB4C4506D44E /* Pods.release.xcconfig */,
			);
			name = Pods;
			sourceTree = "<group>";
		};
		3A5009637BB046E91EF80E8D /* Frameworks */ = {
			isa = PBXGroup;
			children = (
				1ED1455F4A860E80482FB9E2 /* libPods.a */,
			);
			name = Frameworks;
			sourceTree = "<group>";
		};
		7F057D9C1C8D6B28003DA3C7 = {
			isa = PBXGroup;
			children = (
				7F057DA71C8D6B28003DA3C7 /* AZXTallyBook */,
				7F057DC41C8D6B28003DA3C7 /* AZXTallyBookTests */,
				7F057DCF1C8D6B28003DA3C7 /* AZXTallyBookUITests */,
				7F057DA61C8D6B28003DA3C7 /* Products */,
				0A4F949287E65DDA35E77E3F /* Pods */,
				3A5009637BB046E91EF80E8D /* Frameworks */,
			);
			sourceTree = "<group>";
		};
		7F057DA61C8D6B28003DA3C7 /* Products */ = {
			isa = PBXGroup;
			children = (
				7F057DA51C8D6B28003DA3C7 /* AZXTallyBook.app */,
				7F057DC11C8D6B28003DA3C7 /* AZXTallyBookTests.xctest */,
				7F057DCC1C8D6B28003DA3C7 /* AZXTallyBookUITests.xctest */,
			);
			name = Products;
			sourceTree = "<group>";
		};
		7F057DA71C8D6B28003DA3C7 /* AZXTallyBook */ = {
			isa = PBXGroup;
			children = (
				7F077CE91C926CC000D85707 /* CoreData */,
				7F057DE91C8D6C5B003DA3C7 /* account */,
				7F077CED1C926D4B00D85707 /* checking */,
				7F077D041C93F68E00D85707 /* Reporting */,
				7F077D561C96C79000D85707 /* Setting */,
				7FE29C961CA3C7A800681ED6 /* Extension */,
				7F057DB71C8D6B28003DA3C7 /* Assets.xcassets */,
				7F057DE41C8D6B8E003DA3C7 /* Main.storyboard */,
				7F057DB91C8D6B28003DA3C7 /* LaunchScreen.storyboard */,
				7F057DBC1C8D6B28003DA3C7 /* Info.plist */,
				7F057DA81C8D6B28003DA3C7 /* Supporting Files */,
			);
			path = AZXTallyBook;
			sourceTree = "<group>";
		};
		7F057DA81C8D6B28003DA3C7 /* Supporting Files */ = {
			isa = PBXGroup;
			children = (
				7F057DA91C8D6B28003DA3C7 /* main.m */,
			);
			name = "Supporting Files";
			sourceTree = "<group>";
		};
		7F057DC41C8D6B28003DA3C7 /* AZXTallyBookTests */ = {
			isa = PBXGroup;
			children = (
				7F057DC51C8D6B28003DA3C7 /* AZXTallyBookTests.m */,
				7F057DC71C8D6B28003DA3C7 /* Info.plist */,
			);
			path = AZXTallyBookTests;
			sourceTree = "<group>";
		};
		7F057DCF1C8D6B28003DA3C7 /* AZXTallyBookUITests */ = {
			isa = PBXGroup;
			children = (
				7F057DD01C8D6B28003DA3C7 /* AZXTallyBookUITests.m */,
				7F057DD21C8D6B28003DA3C7 /* Info.plist */,
			);
			path = AZXTallyBookUITests;
			sourceTree = "<group>";
		};
		7F057DE91C8D6C5B003DA3C7 /* account */ = {
			isa = PBXGroup;
			children = (
				7F077CF21C926E3100D85707 /* start */,
				7F057DEA1C8D6C7A003DA3C7 /* create */,
			);
			name = account;
			sourceTree = "<group>";
		};
		7F057DEA1C8D6C7A003DA3C7 /* create */ = {
			isa = PBXGroup;
			children = (
				7F077CE81C926C9A00D85707 /* Controller */,
			);
			name = create;
			sourceTree = "<group>";
		};
		7F057DEE1C8DA50C003DA3C7 /* tableViewCell */ = {
			isa = PBXGroup;
			children = (
				7F057DEB1C8DA504003DA3C7 /* AZXAccountTableViewCell.h */,
				7F057DEC1C8DA504003DA3C7 /* AZXAccountTableViewCell.m */,
			);
			name = tableViewCell;
			sourceTree = "<group>";
		};
		7F077CE71C926C7200D85707 /* Controller */ = {
			isa = PBXGroup;
			children = (
				7F057DDE1C8D6B8E003DA3C7 /* AZXAccountViewController.h */,
				7F057DDF1C8D6B8E003DA3C7 /* AZXAccountViewController.m */,
			);
			name = Controller;
			sourceTree = "<group>";
		};
		7F077CE81C926C9A00D85707 /* Controller */ = {
			isa = PBXGroup;
			children = (
				7F057DE01C8D6B8E003DA3C7 /* AZXNewAccountTableViewController.h */,
				7F057DE11C8D6B8E003DA3C7 /* AZXNewAccountTableViewController.m */,
			);
			name = Controller;
			sourceTree = "<group>";
		};
		7F077CE91C926CC000D85707 /* CoreData */ = {
			isa = PBXGroup;
			children = (
				7F057DAB1C8D6B28003DA3C7 /* AppDelegate.h */,
				7F057DAC1C8D6B28003DA3C7 /* AppDelegate.m */,
				7F057DB41C8D6B28003DA3C7 /* AZXTallyBook.xcdatamodeld */,
				7FF230341C8E75960065F312 /* managedObject */,
			);
			name = CoreData;
			sourceTree = "<group>";
		};
		7F077CED1C926D4B00D85707 /* checking */ = {
			isa = PBXGroup;
			children = (
				7F077CF31C926E5200D85707 /* all */,
				7F077CFB1C92B0DD00D85707 /* monthly */,
				7F077CF71C926FDB00D85707 /* tableViewCell */,
			);
			name = checking;
			sourceTree = "<group>";
		};
		7F077CEE1C926D5900D85707 /* Controller */ = {
			isa = PBXGroup;
			children = (
				7F077CEF1C926DCC00D85707 /* AZXAllHistoryViewController.h */,
				7F077CF01C926DCC00D85707 /* AZXAllHistoryViewController.m */,
			);
			name = Controller;
			sourceTree = "<group>";
		};
		7F077CF21C926E3100D85707 /* start */ = {
			isa = PBXGroup;
			children = (
				7F077CE71C926C7200D85707 /* Controller */,
				7F057DEE1C8DA50C003DA3C7 /* tableViewCell */,
			);
			name = start;
			sourceTree = "<group>";
		};
		7F077CF31C926E5200D85707 /* all */ = {
			isa = PBXGroup;
			children = (
				7F077CEE1C926D5900D85707 /* Controller */,
			);
			name = all;
			sourceTree = "<group>";
		};
		7F077CF71C926FDB00D85707 /* tableViewCell */ = {
			isa = PBXGroup;
			children = (
				7F077CF41C926E9300D85707 /* AZXAllHistoryTableViewCell.h */,
				7F077CF51C926E9300D85707 /* AZXAllHistoryTableViewCell.m */,
			);
			name = tableViewCell;
			sourceTree = "<group>";
		};
		7F077CFB1C92B0DD00D85707 /* monthly */ = {
			isa = PBXGroup;
			children = (
				7F077D001C92C97C00D85707 /* Controller */,
			);
			name = monthly;
			sourceTree = "<group>";
		};
		7F077D001C92C97C00D85707 /* Controller */ = {
			isa = PBXGroup;
			children = (
				7F077CF81C92B0D400D85707 /* AZXMonthHIstoryViewController.h */,
				7F077CF91C92B0D400D85707 /* AZXMonthHIstoryViewController.m */,
			);
			name = Controller;
			sourceTree = "<group>";
		};
		7F077D041C93F68E00D85707 /* Reporting */ = {
			isa = PBXGroup;
			children = (
				7F077D4D1C966B5600D85707 /* pie */,
				7F077D4C1C9516D200D85707 /* pieTableViewCell */,
				7F077D511C966B8500D85707 /* detail */,
			);
			name = Reporting;
			sourceTree = "<group>";
		};
		7F077D081C940B9C00D85707 /* Controller */ = {
			isa = PBXGroup;
			children = (
				7F077D051C940B9700D85707 /* AZXPieViewController.h */,
				7F077D061C940B9700D85707 /* AZXPieViewController.m */,
			);
			name = Controller;
			sourceTree = "<group>";
		};
		7F077D091C940BA700D85707 /* PieView */ = {
			isa = PBXGroup;
			children = (
				7F077D011C93F67700D85707 /* AZXPieView.h */,
				7F077D021C93F67700D85707 /* AZXPieView.m */,
			);
			name = PieView;
			sourceTree = "<group>";
		};
		7F077D4C1C9516D200D85707 /* pieTableViewCell */ = {
			isa = PBXGroup;
			children = (
				7F077D491C9516CD00D85707 /* AZXPieTableViewCell.h */,
				7F077D4A1C9516CD00D85707 /* AZXPieTableViewCell.m */,
			);
			name = pieTableViewCell;
			sourceTree = "<group>";
		};
		7F077D4D1C966B5600D85707 /* pie */ = {
			isa = PBXGroup;
			children = (
				7F077D081C940B9C00D85707 /* Controller */,
				7F077D091C940BA700D85707 /* PieView */,
			);
			name = pie;
			sourceTree = "<group>";
		};
		7F077D511C966B8500D85707 /* detail */ = {
			isa = PBXGroup;
			children = (
				7F077D4E1C966B8000D85707 /* AZXTypeDetailViewController.h */,
				7F077D4F1C966B8000D85707 /* AZXTypeDetailViewController.m */,
			);
			name = detail;
			sourceTree = "<group>";
		};
		7F077D551C96C74C00D85707 /* general */ = {
			isa = PBXGroup;
			children = (
				7F077D521C96C73F00D85707 /* AZXSettingTableViewController.h */,
				7F077D531C96C73F00D85707 /* AZXSettingTableViewController.m */,
			);
			name = general;
			sourceTree = "<group>";
		};
		7F077D561C96C79000D85707 /* Setting */ = {
			isa = PBXGroup;
			children = (
				7F077D551C96C74C00D85707 /* general */,
				7F077D5A1C96D38300D85707 /* catgorymanage */,
				7F10B83B1C9939D000A8F3AF /* addcategory */,
			);
			name = Setting;
			sourceTree = "<group>";
		};
		7F077D5A1C96D38300D85707 /* catgorymanage */ = {
			isa = PBXGroup;
			children = (
				7F077D571C96D37C00D85707 /* AZXOperateTypeTableViewController.h */,
				7F077D581C96D37C00D85707 /* AZXOperateTypeTableViewController.m */,
				7F077D5E1C96D48800D85707 /* operateTableViewCell */,
			);
			name = catgorymanage;
			sourceTree = "<group>";
		};
		7F077D5E1C96D48800D85707 /* operateTableViewCell */ = {
			isa = PBXGroup;
			children = (
				7F077D5B1C96D47700D85707 /* AZXOperateTypeTableViewCell.h */,
				7F077D5C1C96D47700D85707 /* AZXOperateTypeTableViewCell.m */,
			);
			name = operateTableViewCell;
			sourceTree = "<group>";
		};
		7F10B83B1C9939D000A8F3AF /* addcategory */ = {
			isa = PBXGroup;
			children = (
				7F10B8381C9939CB00A8F3AF /* AZXAddTypeViewController.h */,
				7F10B8391C9939CB00A8F3AF /* AZXAddTypeViewController.m */,
				7F10B83F1C9942F700A8F3AF /* collectionViewCell */,
			);
			name = addcategory;
			sourceTree = "<group>";
		};
		7F10B83F1C9942F700A8F3AF /* collectionViewCell */ = {
			isa = PBXGroup;
			children = (
				7F10B83C1C9942F200A8F3AF /* AZXAddTypeCollectionViewCell.h */,
				7F10B83D1C9942F200A8F3AF /* AZXAddTypeCollectionViewCell.m */,
			);
			name = collectionViewCell;
			sourceTree = "<group>";
		};
		7FE29C961CA3C7A800681ED6 /* Extension */ = {
			isa = PBXGroup;
			children = (
				7FE29C931CA3C77000681ED6 /* UIViewController+BackButtonHandler.h */,
				7FE29C941CA3C77000681ED6 /* UIViewController+BackButtonHandler.m */,
			);
			name = Extension;
			sourceTree = "<group>";
		};
		7FF230341C8E75960065F312 /* managedObject */ = {
			isa = PBXGroup;
			children = (
				7FF230781C8FC4200065F312 /* Account+CoreDataProperties.h */,
				7FF230791C8FC4200065F312 /* Account+CoreDataProperties.m */,
				7FF2307A1C8FC4200065F312 /* Account.h */,
				7FF2307B1C8FC4200065F312 /* Account.m */,
			);
			name = managedObject;
			sourceTree = "<group>";
		};
/* End PBXGroup section */

/* Begin PBXNativeTarget section */
		7F057DA41C8D6B28003DA3C7 /* AZXTallyBook */ = {
			isa = PBXNativeTarget;
			buildConfigurationList = 7F057DD51C8D6B28003DA3C7 /* Build configuration list for PBXNativeTarget "AZXTallyBook" */;
			buildPhases = (
				C6B63FDB60DB0D85DBD6B413 /* Check Pods Manifest.lock */,
				7F057DA11C8D6B28003DA3C7 /* Sources */,
				7F057DA21C8D6B28003DA3C7 /* Frameworks */,
				7F057DA31C8D6B28003DA3C7 /* Resources */,
				7D044C7A8026FFC114225FFC /* Embed Pods Frameworks */,
				58769EBC638754002450105D /* Copy Pods Resources */,
			);
			buildRules = (
			);
			dependencies = (
			);
			name = AZXTallyBook;
			productName = AZXTallyBook;
			productReference = 7F057DA51C8D6B28003DA3C7 /* AZXTallyBook.app */;
			productType = "com.apple.product-type.application";
		};
		7F057DC01C8D6B28003DA3C7 /* AZXTallyBookTests */ = {
			isa = PBXNativeTarget;
			buildConfigurationList = 7F057DD81C8D6B28003DA3C7 /* Build configuration list for PBXNativeTarget "AZXTallyBookTests" */;
			buildPhases = (
				7F057DBD1C8D6B28003DA3C7 /* Sources */,
				7F057DBE1C8D6B28003DA3C7 /* Frameworks */,
				7F057DBF1C8D6B28003DA3C7 /* Resources */,
			);
			buildRules = (
			);
			dependencies = (
				7F057DC31C8D6B28003DA3C7 /* PBXTargetDependency */,
			);
			name = AZXTallyBookTests;
			productName = AZXTallyBookTests;
			productReference = 7F057DC11C8D6B28003DA3C7 /* AZXTallyBookTests.xctest */;
			productType = "com.apple.product-type.bundle.unit-test";
		};
		7F057DCB1C8D6B28003DA3C7 /* AZXTallyBookUITests */ = {
			isa = PBXNativeTarget;
			buildConfigurationList = 7F057DDB1C8D6B28003DA3C7 /* Build configuration list for PBXNativeTarget "AZXTallyBookUITests" */;
			buildPhases = (
				7F057DC81C8D6B28003DA3C7 /* Sources */,
				7F057DC91C8D6B28003DA3C7 /* Frameworks */,
				7F057DCA1C8D6B28003DA3C7 /* Resources */,
			);
			buildRules = (
			);
			dependencies = (
				7F057DCE1C8D6B28003DA3C7 /* PBXTargetDependency */,
			);
			name = AZXTallyBookUITests;
			productName = AZXTallyBookUITests;
			productReference = 7F057DCC1C8D6B28003DA3C7 /* AZXTallyBookUITests.xctest */;
			productType = "com.apple.product-type.bundle.ui-testing";
		};
/* End PBXNativeTarget section */

/* Begin PBXProject section */
		7F057D9D1C8D6B28003DA3C7 /* Project object */ = {
			isa = PBXProject;
			attributes = {
				LastUpgradeCheck = 0830;
				ORGANIZATIONNAME = azx;
				TargetAttributes = {
					7F057DA41C8D6B28003DA3C7 = {
						CreatedOnToolsVersion = 7.2.1;
						DevelopmentTeam = MJZ6K4F2SJ;
					};
					7F057DC01C8D6B28003DA3C7 = {
						CreatedOnToolsVersion = 7.2.1;
						DevelopmentTeam = 5W8X7DUV7Q;
						TestTargetID = 7F057DA41C8D6B28003DA3C7;
					};
					7F057DCB1C8D6B28003DA3C7 = {
						CreatedOnToolsVersion = 7.2.1;
						DevelopmentTeam = 5W8X7DUV7Q;
						TestTargetID = 7F057DA41C8D6B28003DA3C7;
					};
				};
			};
			buildConfigurationList = 7F057DA01C8D6B28003DA3C7 /* Build configuration list for PBXProject "AZXTallyBook" */;
			compatibilityVersion = "Xcode 3.2";
			developmentRegion = English;
			hasScannedForEncodings = 0;
			knownRegions = (
				en,
				Base,
			);
			mainGroup = 7F057D9C1C8D6B28003DA3C7;
			productRefGroup = 7F057DA61C8D6B28003DA3C7 /* Products */;
			projectDirPath = "";
			projectRoot = "";
			targets = (
				7F057DA41C8D6B28003DA3C7 /* AZXTallyBook */,
				7F057DC01C8D6B28003DA3C7 /* AZXTallyBookTests */,
				7F057DCB1C8D6B28003DA3C7 /* AZXTallyBookUITests */,
			);
		};
/* End PBXProject section */

/* Begin PBXResourcesBuildPhase section */
		7F057DA31C8D6B28003DA3C7 /* Resources */ = {
			isa = PBXResourcesBuildPhase;
			buildActionMask = 2147483647;
			files = (
				7F057DE81C8D6B8E003DA3C7 /* Main.storyboard in Resources */,
				7F057DBB1C8D6B28003DA3C7 /* LaunchScreen.storyboard in Resources */,
				7F057DB81C8D6B28003DA3C7 /* Assets.xcassets in Resources */,
			);
			runOnlyForDeploymentPostprocessing = 0;
		};
		7F057DBF1C8D6B28003DA3C7 /* Resources */ = {
			isa = PBXResourcesBuildPhase;
			buildActionMask = 2147483647;
			files = (
			);
			runOnlyForDeploymentPostprocessing = 0;
		};
		7F057DCA1C8D6B28003DA3C7 /* Resources */ = {
			isa = PBXResourcesBuildPhase;
			buildActionMask = 2147483647;
			files = (
			);
			runOnlyForDeploymentPostprocessing = 0;
		};
/* End PBXResourcesBuildPhase section */

/* Begin PBXShellScriptBuildPhase section */
		58769EBC638754002450105D /* Copy Pods Resources */ = {
			isa = PBXShellScriptBuildPhase;
			buildActionMask = 2147483647;
			files = (
			);
			inputPaths = (
			);
			name = "Copy Pods Resources";
			outputPaths = (
			);
			runOnlyForDeploymentPostprocessing = 0;
			shellPath = /bin/sh;
			shellScript = "\"${SRCROOT}/Pods/Target Support Files/Pods/Pods-resources.sh\"\n";
			showEnvVarsInLog = 0;
		};
		7D044C7A8026FFC114225FFC /* Embed Pods Frameworks */ = {
			isa = PBXShellScriptBuildPhase;
			buildActionMask = 2147483647;
			files = (
			);
			inputPaths = (
			);
			name = "Embed Pods Frameworks";
			outputPaths = (
			);
			runOnlyForDeploymentPostprocessing = 0;
			shellPath = /bin/sh;
			shellScript = "\"${SRCROOT}/Pods/Target Support Files/Pods/Pods-frameworks.sh\"\n";
			showEnvVarsInLog = 0;
		};
		C6B63FDB60DB0D85DBD6B413 /* Check Pods Manifest.lock */ = {
			isa = PBXShellScriptBuildPhase;
			buildActionMask = 2147483647;
			files = (
			);
			inputPaths = (
			);
			name = "Check Pods Manifest.lock";
			outputPaths = (
			);
			runOnlyForDeploymentPostprocessing = 0;
			shellPath = /bin/sh;
			shellScript = "diff \"${PODS_ROOT}/../Podfile.lock\" \"${PODS_ROOT}/Manifest.lock\" > /dev/null\nif [[ $? != 0 ]] ; then\n    cat << EOM\nerror: The sandbox is not in sync with the Podfile.lock. Run 'pod install' or update your CocoaPods installation.\nEOM\n    exit 1\nfi\n";
			showEnvVarsInLog = 0;
		};
/* End PBXShellScriptBuildPhase section */

/* Begin PBXSourcesBuildPhase section */
		7F057DA11C8D6B28003DA3C7 /* Sources */ = {
			isa = PBXSourcesBuildPhase;
			buildActionMask = 2147483647;
			files = (
				7FF2307D1C8FC4200065F312 /* Account.m in Sources */,
				7F10B83A1C9939CC00A8F3AF /* AZXAddTypeViewController.m in Sources */,
				7F077CFA1C92B0D400D85707 /* AZXMonthHIstoryViewController.m in Sources */,
				7F077D541C96C73F00D85707 /* AZXSettingTableViewController.m in Sources */,
				7F077D591C96D37C00D85707 /* AZXOperateTypeTableViewController.m in Sources */,
				7F057DED1C8DA504003DA3C7 /* AZXAccountTableViewCell.m in Sources */,
				7F077CF11C926DCC00D85707 /* AZXAllHistoryViewController.m in Sources */,
				7FE29C951CA3C77000681ED6 /* UIViewController+BackButtonHandler.m in Sources */,
				7F057DE51C8D6B8E003DA3C7 /* AZXAccountViewController.m in Sources */,
				7F077CF61C926E9300D85707 /* AZXAllHistoryTableViewCell.m in Sources */,
				7F057DB61C8D6B28003DA3C7 /* AZXTallyBook.xcdatamodeld in Sources */,
				7F057DAD1C8D6B28003DA3C7 /* AppDelegate.m in Sources */,
				7F057DAA1C8D6B28003DA3C7 /* main.m in Sources */,
				7F057DE61C8D6B8E003DA3C7 /* AZXNewAccountTableViewController.m in Sources */,
				7F077D5D1C96D47700D85707 /* AZXOperateTypeTableViewCell.m in Sources */,
				7F077D4B1C9516CD00D85707 /* AZXPieTableViewCell.m in Sources */,
				7FF2307C1C8FC4200065F312 /* Account+CoreDataProperties.m in Sources */,
				7F077D501C966B8000D85707 /* AZXTypeDetailViewController.m in Sources */,
				7F077D071C940B9700D85707 /* AZXPieViewController.m in Sources */,
				7F10B83E1C9942F200A8F3AF /* AZXAddTypeCollectionViewCell.m in Sources */,
				7F077D031C93F67700D85707 /* AZXPieView.m in Sources */,
			);
			runOnlyForDeploymentPostprocessing = 0;
		};
		7F057DBD1C8D6B28003DA3C7 /* Sources */ = {
			isa = PBXSourcesBuildPhase;
			buildActionMask = 2147483647;
			files = (
				7F057DC61C8D6B28003DA3C7 /* AZXTallyBookTests.m in Sources */,
			);
			runOnlyForDeploymentPostprocessing = 0;
		};
		7F057DC81C8D6B28003DA3C7 /* Sources */ = {
			isa = PBXSourcesBuildPhase;
			buildActionMask = 2147483647;
			files = (
				7F057DD11C8D6B28003DA3C7 /* AZXTallyBookUITests.m in Sources */,
			);
			runOnlyForDeploymentPostprocessing = 0;
		};
/* End PBXSourcesBuildPhase section */

/* Begin PBXTargetDependency section */
		7F057DC31C8D6B28003DA3C7 /* PBXTargetDependency */ = {
			isa = PBXTargetDependency;
			target = 7F057DA41C8D6B28003DA3C7 /* AZXTallyBook */;
			targetProxy = 7F057DC21C8D6B28003DA3C7 /* PBXContainerItemProxy */;
		};
		7F057DCE1C8D6B28003DA3C7 /* PBXTargetDependency */ = {
			isa = PBXTargetDependency;
			target = 7F057DA41C8D6B28003DA3C7 /* AZXTallyBook */;
			targetProxy = 7F057DCD1C8D6B28003DA3C7 /* PBXContainerItemProxy */;
		};
/* End PBXTargetDependency section */

/* Begin PBXVariantGroup section */
		7F057DB91C8D6B28003DA3C7 /* LaunchScreen.storyboard */ = {
			isa = PBXVariantGroup;
			children = (
				7F057DBA1C8D6B28003DA3C7 /* Base */,
			);
			name = LaunchScreen.storyboard;
			sourceTree = "<group>";
		};
/* End PBXVariantGroup section */

/* Begin XCBuildConfiguration section */
		7F057DD31C8D6B28003DA3C7 /* Debug */ = {
			isa = XCBuildConfiguration;
			buildSettings = {
				ALWAYS_SEARCH_USER_PATHS = NO;
				CLANG_CXX_LANGUAGE_STANDARD = "gnu++0x";
				CLANG_CXX_LIBRARY = "libc++";
				CLANG_ENABLE_MODULES = YES;
				CLANG_ENABLE_OBJC_ARC = YES;
				CLANG_WARN_BOOL_CONVERSION = YES;
				CLANG_WARN_CONSTANT_CONVERSION = YES;
				CLANG_WARN_DIRECT_OBJC_ISA_USAGE = YES_ERROR;
				CLANG_WARN_EMPTY_BODY = YES;
				CLANG_WARN_ENUM_CONVERSION = YES;
				CLANG_WARN_INFINITE_RECURSION = YES;
				CLANG_WARN_INT_CONVERSION = YES;
				CLANG_WARN_OBJC_ROOT_CLASS = YES_ERROR;
				CLANG_WARN_SUSPICIOUS_MOVE = YES;
				CLANG_WARN_UNREACHABLE_CODE = YES;
				CLANG_WARN__DUPLICATE_METHOD_MATCH = YES;
				CODE_SIGN_IDENTITY = "";
				"CODE_SIGN_IDENTITY[sdk=iphoneos*]" = "iPhone Developer";
				COPY_PHASE_STRIP = NO;
				DEBUG_INFORMATION_FORMAT = dwarf;
				ENABLE_STRICT_OBJC_MSGSEND = YES;
				ENABLE_TESTABILITY = YES;
				GCC_C_LANGUAGE_STANDARD = gnu99;
				GCC_DYNAMIC_NO_PIC = NO;
				GCC_NO_COMMON_BLOCKS = YES;
				GCC_OPTIMIZATION_LEVEL = 0;
				GCC_PREPROCESSOR_DEFINITIONS = (
					"DEBUG=1",
					"$(inherited)",
				);
				GCC_WARN_64_TO_32_BIT_CONVERSION = YES;
				GCC_WARN_ABOUT_RETURN_TYPE = YES_ERROR;
				GCC_WARN_UNDECLARED_SELECTOR = YES;
				GCC_WARN_UNINITIALIZED_AUTOS = YES_AGGRESSIVE;
				GCC_WARN_UNUSED_FUNCTION = YES;
				GCC_WARN_UNUSED_VARIABLE = YES;
				IPHONEOS_DEPLOYMENT_TARGET = 9.0;
				MTL_ENABLE_DEBUG_INFO = YES;
				ONLY_ACTIVE_ARCH = YES;
				PROVISIONING_PROFILE = "";
				SDKROOT = iphoneos;
				TARGETED_DEVICE_FAMILY = "1,2";
			};
			name = Debug;
		};
		7F057DD41C8D6B28003DA3C7 /* Release */ = {
			isa = XCBuildConfiguration;
			buildSettings = {
				ALWAYS_SEARCH_USER_PATHS = NO;
				CLANG_CXX_LANGUAGE_STANDARD = "gnu++0x";
				CLANG_CXX_LIBRARY = "libc++";
				CLANG_ENABLE_MODULES = YES;
				CLANG_ENABLE_OBJC_ARC = YES;
				CLANG_WARN_BOOL_CONVERSION = YES;
				CLANG_WARN_CONSTANT_CONVERSION = YES;
				CLANG_WARN_DIRECT_OBJC_ISA_USAGE = YES_ERROR;
				CLANG_WARN_EMPTY_BODY = YES;
				CLANG_WARN_ENUM_CONVERSION = YES;
				CLANG_WARN_INFINITE_RECURSION = YES;
				CLANG_WARN_INT_CONVERSION = YES;
				CLANG_WARN_OBJC_ROOT_CLASS = YES_ERROR;
				CLANG_WARN_SUSPICIOUS_MOVE = YES;
				CLANG_WARN_UNREACHABLE_CODE = YES;
				CLANG_WARN__DUPLICATE_METHOD_MATCH = YES;
				CODE_SIGN_IDENTITY = "";
				"CODE_SIGN_IDENTITY[sdk=iphoneos*]" = "iPhone Distribution";
				COPY_PHASE_STRIP = NO;
				DEBUG_INFORMATION_FORMAT = "dwarf-with-dsym";
				ENABLE_NS_ASSERTIONS = NO;
				ENABLE_STRICT_OBJC_MSGSEND = YES;
				GCC_C_LANGUAGE_STANDARD = gnu99;
				GCC_NO_COMMON_BLOCKS = YES;
				GCC_WARN_64_TO_32_BIT_CONVERSION = YES;
				GCC_WARN_ABOUT_RETURN_TYPE = YES_ERROR;
				GCC_WARN_UNDECLARED_SELECTOR = YES;
				GCC_WARN_UNINITIALIZED_AUTOS = YES_AGGRESSIVE;
				GCC_WARN_UNUSED_FUNCTION = YES;
				GCC_WARN_UNUSED_VARIABLE = YES;
				IPHONEOS_DEPLOYMENT_TARGET = 9.0;
				MTL_ENABLE_DEBUG_INFO = NO;
				PROVISIONING_PROFILE = "";
				SDKROOT = iphoneos;
				TARGETED_DEVICE_FAMILY = "1,2";
				VALIDATE_PRODUCT = YES;
			};
			name = Release;
		};
		7F057DD61C8D6B28003DA3C7 /* Debug */ = {
			isa = XCBuildConfiguration;
			baseConfigurationReference = F68D46583CCDFED50E95FFDC /* Pods.debug.xcconfig */;
			buildSettings = {
				ASSETCATALOG_COMPILER_APPICON_NAME = AppIcon;
				CLANG_ENABLE_MODULES = YES;
				CODE_SIGN_IDENTITY = "";
				"CODE_SIGN_IDENTITY[sdk=iphoneos*]" = "iPhone Developer";
				INFOPLIST_FILE = AZXTallyBook/Info.plist;
				IPHONEOS_DEPLOYMENT_TARGET = 9.0;
				LD_RUNPATH_SEARCH_PATHS = "$(inherited) @executable_path/Frameworks";
				PRODUCT_BUNDLE_IDENTIFIER = com.AiZhiXin.AZXTallyBook;
				PRODUCT_NAME = "$(TARGET_NAME)";
				PROVISIONING_PROFILE = "";
				SWIFT_OPTIMIZATION_LEVEL = "-Onone";
			};
			name = Debug;
		};
		7F057DD71C8D6B28003DA3C7 /* Release */ = {
			isa = XCBuildConfiguration;
			baseConfigurationReference = 8A3C022560A7BB4C4506D44E /* Pods.release.xcconfig */;
			buildSettings = {
				ASSETCATALOG_COMPILER_APPICON_NAME = AppIcon;
				CLANG_ENABLE_MODULES = YES;
				CODE_SIGN_IDENTITY = "";
				"CODE_SIGN_IDENTITY[sdk=iphoneos*]" = "iPhone Distribution";
				INFOPLIST_FILE = AZXTallyBook/Info.plist;
				IPHONEOS_DEPLOYMENT_TARGET = 9.0;
				LD_RUNPATH_SEARCH_PATHS = "$(inherited) @executable_path/Frameworks";
				PRODUCT_BUNDLE_IDENTIFIER = com.AiZhiXin.AZXTallyBook;
				PRODUCT_NAME = "$(TARGET_NAME)";
				PROVISIONING_PROFILE = "";
			};
			name = Release;
		};
		7F057DD91C8D6B28003DA3C7 /* Debug */ = {
			isa = XCBuildConfiguration;
			buildSettings = {
				BUNDLE_LOADER = "$(TEST_HOST)";
				INFOPLIST_FILE = AZXTallyBookTests/Info.plist;
				LD_RUNPATH_SEARCH_PATHS = "$(inherited) @executable_path/Frameworks @loader_path/Frameworks";
				PRODUCT_BUNDLE_IDENTIFIER = com.azxccmu.AZXTallyBookTests;
				PRODUCT_NAME = "$(TARGET_NAME)";
				TEST_HOST = "$(BUILT_PRODUCTS_DIR)/AZXTallyBook.app/AZXTallyBook";
			};
			name = Debug;
		};
		7F057DDA1C8D6B28003DA3C7 /* Release */ = {
			isa = XCBuildConfiguration;
			buildSettings = {
				BUNDLE_LOADER = "$(TEST_HOST)";
				INFOPLIST_FILE = AZXTallyBookTests/Info.plist;
				LD_RUNPATH_SEARCH_PATHS = "$(inherited) @executable_path/Frameworks @loader_path/Frameworks";
				PRODUCT_BUNDLE_IDENTIFIER = com.azxccmu.AZXTallyBookTests;
				PRODUCT_NAME = "$(TARGET_NAME)";
				TEST_HOST = "$(BUILT_PRODUCTS_DIR)/AZXTallyBook.app/AZXTallyBook";
			};
			name = Release;
		};
		7F057DDC1C8D6B28003DA3C7 /* Debug */ = {
			isa = XCBuildConfiguration;
			buildSettings = {
				INFOPLIST_FILE = AZXTallyBookUITests/Info.plist;
				LD_RUNPATH_SEARCH_PATHS = "$(inherited) @executable_path/Frameworks @loader_path/Frameworks";
				PRODUCT_BUNDLE_IDENTIFIER = com.azxccmu.AZXTallyBookUITests;
				PRODUCT_NAME = "$(TARGET_NAME)";
				TEST_TARGET_NAME = AZXTallyBook;
				USES_XCTRUNNER = YES;
			};
			name = Debug;
		};
		7F057DDD1C8D6B28003DA3C7 /* Release */ = {
			isa = XCBuildConfiguration;
			buildSettings = {
				INFOPLIST_FILE = AZXTallyBookUITests/Info.plist;
				LD_RUNPATH_SEARCH_PATHS = "$(inherited) @executable_path/Frameworks @loader_path/Frameworks";
				PRODUCT_BUNDLE_IDENTIFIER = com.azxccmu.AZXTallyBookUITests;
				PRODUCT_NAME = "$(TARGET_NAME)";
				TEST_TARGET_NAME = AZXTallyBook;
				USES_XCTRUNNER = YES;
			};
			name = Release;
		};
/* End XCBuildConfiguration section */

/* Begin XCConfigurationList section */
		7F057DA01C8D6B28003DA3C7 /* Build configuration list for PBXProject "AZXTallyBook" */ = {
			isa = XCConfigurationList;
			buildConfigurations = (
				7F057DD31C8D6B28003DA3C7 /* Debug */,
				7F057DD41C8D6B28003DA3C7 /* Release */,
			);
			defaultConfigurationIsVisible = 0;
			defaultConfigurationName = Release;
		};
		7F057DD51C8D6B28003DA3C7 /* Build configuration list for PBXNativeTarget "AZXTallyBook" */ = {
			isa = XCConfigurationList;
			buildConfigurations = (
				7F057DD61C8D6B28003DA3C7 /* Debug */,
				7F057DD71C8D6B28003DA3C7 /* Release */,
			);
			defaultConfigurationIsVisible = 0;
			defaultConfigurationName = Release;
		};
		7F057DD81C8D6B28003DA3C7 /* Build configuration list for PBXNativeTarget "AZXTallyBookTests" */ = {
			isa = XCConfigurationList;
			buildConfigurations = (
				7F057DD91C8D6B28003DA3C7 /* Debug */,
				7F057DDA1C8D6B28003DA3C7 /* Release */,
			);
			defaultConfigurationIsVisible = 0;
			defaultConfigurationName = Release;
		};
		7F057DDB1C8D6B28003DA3C7 /* Build configuration list for PBXNativeTarget "AZXTallyBookUITests" */ = {
			isa = XCConfigurationList;
			buildConfigurations = (
				7F057DDC1C8D6B28003DA3C7 /* Debug */,
				7F057DDD1C8D6B28003DA3C7 /* Release */,
			);
			defaultConfigurationIsVisible = 0;
			defaultConfigurationName = Release;
		};
/* End XCConfigurationList section */

/* Begin XCVersionGroup section */
		7F057DB41C8D6B28003DA3C7 /* AZXTallyBook.xcdatamodeld */ = {
			isa = XCVersionGroup;
			children = (
				7F057DB51C8D6B28003DA3C7 /* AZXTallyBook.xcdatamodel */,
			);
			currentVersion = 7F057DB51C8D6B28003DA3C7 /* AZXTallyBook.xcdatamodel */;
			path = AZXTallyBook.xcdatamodeld;
			sourceTree = "<group>";
			versionGroupType = wrapper.xcdatamodel;
		};
/* End XCVersionGroup section */
	};
	rootObject = 7F057D9D1C8D6B28003DA3C7 /* Project object */;
}
